
Microsoft Visual Studio Solution File, Format Version 12.00
# Visual Studio Version 17
VisualStudioVersion = 17.7.34031.279
MinimumVisualStudioVersion = 10.0.40219.1
Project("{FAE04EC0-301F-11D3-BF4B-00C04F79EFBC}") = "ejercicio1Bucles", "ejercicio1Bucles.csproj", "{C3F32C7F-5B7B-46A3-BD56-8BBECA58190C}"
EndProject
Global
	GlobalSection(SolutionConfigurationPlatforms) = preSolution
		Debug|Any CPU = Debug|Any CPU
		Release|Any CPU = Release|Any CPU
	EndGlobalSection
	GlobalSection(ProjectConfigurationPlatforms) = postSolution
		{C3F32C7F-5B7B-46A3-BD56-8BBECA58190C}.Debug|Any CPU.ActiveCfg = Debug|Any CPU
		{C3F32C7F-5B7B-46A3-BD56-8BBECA58190C}.Debug|Any CPU.Build.0 = Debug|Any CPU
		{C3F32C7F-5B7B-46A3-BD56-8BBECA58190C}.Release|Any CPU.ActiveCfg = Release|Any CPU
		{C3F32C7F-5B7B-46A3-BD56-8BBECA58190C}.Release|Any CPU.Build.0 = Release|Any CPU
	EndGlobalSection
	GlobalSection(SolutionProperties) = preSolution
		HideSolutionNode = FALSE
	EndGlobalSection
	GlobalSection(ExtensibilityGlobals) = postSolution
		SolutionGuid = {9F9F48B4-2A8B-45E6-BB1A-F3AB1A7CB6B4}
	EndGlobalSection
EndGlobal
